// !$*UTF8*$!
{
	archiveVersion = 1;
	classes = {
	};
	objectVersion = 50;
	objects = {

/* Begin PBXBuildFile section */
		830F5A9C212D10E400BC87A8 /* AppDelegate.swift in Sources */ = {isa = PBXBuildFile; fileRef = 830F5A9B212D10E400BC87A8 /* AppDelegate.swift */; };
		830F5A9E212D10E400BC87A8 /* art.scnassets in Resources */ = {isa = PBXBuildFile; fileRef = 830F5A9D212D10E400BC87A8 /* art.scnassets */; };
		830F5AA0212D10E400BC87A8 /* ViewController.swift in Sources */ = {isa = PBXBuildFile; fileRef = 830F5A9F212D10E400BC87A8 /* ViewController.swift */; };
		830F5AA3212D10E400BC87A8 /* Main.storyboard in Resources */ = {isa = PBXBuildFile; fileRef = 830F5AA1212D10E400BC87A8 /* Main.storyboard */; };
		830F5AA5212D10E600BC87A8 /* Assets.xcassets in Resources */ = {isa = PBXBuildFile; fileRef = 830F5AA4212D10E600BC87A8 /* Assets.xcassets */; };
		830F5AA8212D10E600BC87A8 /* LaunchScreen.storyboard in Resources */ = {isa = PBXBuildFile; fileRef = 830F5AA6212D10E600BC87A8 /* LaunchScreen.storyboard */; };
		83271E1A212E72E600B0F8A0 /* CustomButtons.swift in Sources */ = {isa = PBXBuildFile; fileRef = 83271E19212E72E600B0F8A0 /* CustomButtons.swift */; };
/* End PBXBuildFile section */

/* Begin PBXFileReference section */
		830F5A98212D10E400BC87A8 /* AR - Basketball.app */ = {isa = PBXFileReference; explicitFileType = wrapper.application; includeInIndex = 0; path = "AR - Basketball.app"; sourceTree = BUILT_PRODUCTS_DIR; };
		830F5A9B212D10E400BC87A8 /* AppDelegate.swift */ = {isa = PBXFileReference; lastKnownFileType = sourcecode.swift; path = AppDelegate.swift; sourceTree = "<group>"; };
		830F5A9D212D10E400BC87A8 /* art.scnassets */ = {isa = PBXFileReference; lastKnownFileType = wrapper.scnassets; path = art.scnassets; sourceTree = "<group>"; };
		830F5A9F212D10E400BC87A8 /* ViewController.swift */ = {isa = PBXFileReference; lastKnownFileType = sourcecode.swift; path = ViewController.swift; sourceTree = "<group>"; };
		830F5AA2212D10E400BC87A8 /* Base */ = {isa = PBXFileReference; lastKnownFileType = file.storyboard; name = Base; path = Base.lproj/Main.storyboard; sourceTree = "<group>"; };
		830F5AA4212D10E600BC87A8 /* Assets.xcassets */ = {isa = PBXFileReference; lastKnownFileType = folder.assetcatalog; path = Assets.xcassets; sourceTree = "<group>"; };
		830F5AA7212D10E600BC87A8 /* Base */ = {isa = PBXFileReference; lastKnownFileType = file.storyboard; name = Base; path = Base.lproj/LaunchScreen.storyboard; sourceTree = "<group>"; };
		830F5AA9212D10E600BC87A8 /* Info.plist */ = {isa = PBXFileReference; lastKnownFileType = text.plist.xml; path = Info.plist; sourceTree = "<group>"; };
		83271E19212E72E600B0F8A0 /* CustomButtons.swift */ = {isa = PBXFileReference; lastKnownFileType = sourcecode.swift; path = CustomButtons.swift; sourceTree = "<group>"; };
/* End PBXFileReference section */

/* Begin PBXFrameworksBuildPhase section */
		830F5A95212D10E400BC87A8 /* Frameworks */ = {
			isa = PBXFrameworksBuildPhase;
			buildActionMask = 2147483647;
			files = (
			);
			runOnlyForDeploymentPostprocessing = 0;
		};
/* End PBXFrameworksBuildPhase section */

/* Begin PBXGroup section */
		830F5A8F212D10E400BC87A8 = {
			isa = PBXGroup;
			children = (
				830F5A9A212D10E400BC87A8 /* AR - Basketball */,
				830F5A99212D10E400BC87A8 /* Products */,
			);
			sourceTree = "<group>";
		};
		830F5A99212D10E400BC87A8 /* Products */ = {
			isa = PBXGroup;
			children = (
				830F5A98212D10E400BC87A8 /* AR - Basketball.app */,
			);
			name = Products;
			sourceTree = "<group>";
		};
		830F5A9A212D10E400BC87A8 /* AR - Basketball */ = {
			isa = PBXGroup;
			children = (
				830F5A9B212D10E400BC87A8 /* AppDelegate.swift */,
				830F5A9D212D10E400BC87A8 /* art.scnassets */,
				830F5A9F212D10E400BC87A8 /* ViewController.swift */,
				830F5AA1212D10E400BC87A8 /* Main.storyboard */,
				830F5AA4212D10E600BC87A8 /* Assets.xcassets */,
				830F5AA6212D10E600BC87A8 /* LaunchScreen.storyboard */,
				830F5AA9212D10E600BC87A8 /* Info.plist */,
				83271E19212E72E600B0F8A0 /* CustomButtons.swift */,
			);
			path = "AR - Basketball";
			sourceTree = "<group>";
		};
/* End PBXGroup section */

/* Begin PBXNativeTarget section */
		830F5A97212D10E400BC87A8 /* AR - Basketball */ = {
			isa = PBXNativeTarget;
			buildConfigurationList = 830F5AAC212D10E600BC87A8 /* Build configuration list for PBXNativeTarget "AR - Basketball" */;
			buildPhases = (
				830F5A94212D10E400BC87A8 /* Sources */,
				830F5A95212D10E400BC87A8 /* Frameworks */,
				830F5A96212D10E400BC87A8 /* Resources */,
			);
			buildRules = (
			);
			dependencies = (
			);
			name = "AR - Basketball";
			productName = "AR - Basketball";
			productReference = 830F5A98212D10E400BC87A8 /* AR - Basketball.app */;
			productType = "com.apple.product-type.application";
		};
/* End PBXNativeTarget section */

/* Begin PBXProject section */
		830F5A90212D10E400BC87A8 /* Project object */ = {
			isa = PBXProject;
			attributes = {
				LastSwiftUpdateCheck = 0940;
				LastUpgradeCheck = 0940;
				ORGANIZATIONNAME = "Juan Meza";
				TargetAttributes = {
					830F5A97212D10E400BC87A8 = {
						CreatedOnToolsVersion = 9.4.1;
					};
				};
			};
			buildConfigurationList = 830F5A93212D10E400BC87A8 /* Build configuration list for PBXProject "AR - Basketball" */;
			compatibilityVersion = "Xcode 9.3";
			developmentRegion = en;
			hasScannedForEncodings = 0;
			knownRegions = (
				en,
				Base,
			);
			mainGroup = 830F5A8F212D10E400BC87A8;
			productRefGroup = 830F5A99212D10E400BC87A8 /* Products */;
			projectDirPath = "";
			projectRoot = "";
			targets = (
				830F5A97212D10E400BC87A8 /* AR - Basketball */,
			);
		};
/* End PBXProject section */

/* Begin PBXResourcesBuildPhase section */
		830F5A96212D10E400BC87A8 /* Resources */ = {
			isa = PBXResourcesBuildPhase;
			buildActionMask = 2147483647;
			files = (
				830F5A9E212D10E400BC87A8 /* art.scnassets in Resources */,
				830F5AA8212D10E600BC87A8 /* LaunchScreen.storyboard in Resources */,
				830F5AA5212D10E600BC87A8 /* Assets.xcassets in Resources */,
				830F5AA3212D10E400BC87A8 /* Main.storyboard in Resources */,
			);
			runOnlyForDeploymentPostprocessing = 0;
		};
/* End PBXResourcesBuildPhase section */

/* Begin PBXSourcesBuildPhase section */
		830F5A94212D10E400BC87A8 /* Sources */ = {
			isa = PBXSourcesBuildPhase;
			buildActionMask = 2147483647;
			files = (
				830F5AA0212D10E400BC87A8 /* ViewController.swift in Sources */,
				83271E1A212E72E600B0F8A0 /* CustomButtons.swift in Sources */,
				830F5A9C212D10E400BC87A8 /* AppDelegate.swift in Sources */,
			);
			runOnlyForDeploymentPostprocessing = 0;
		};
/* End PBXSourcesBuildPhase section */

/* Begin PBXVariantGroup section */
		830F5AA1212D10E400BC87A8 /* Main.storyboard */ = {
			isa = PBXVariantGroup;
			children = (
				830F5AA2212D10E400BC87A8 /* Base */,
			);
			name = Main.storyboard;
			sourceTree = "<group>";
		};
		830F5AA6212D10E600BC87A8 /* LaunchScreen.storyboard */ = {
			isa = PBXVariantGroup;
			children = (
				830F5AA7212D10E600BC87A8 /* Base */,
			);
			name = LaunchScreen.storyboard;
			sourceTree = "<group>";
		};
/* End PBXVariantGroup section */

/* Begin XCBuildConfiguration section */
		830F5AAA212D10E600BC87A8 /* Debug */ = {
			isa = XCBuildConfiguration;
			buildSettings = {
				ALWAYS_SEARCH_USER_PATHS = NO;
				CLANG_ANALYZER_NONNULL = YES;
				CLANG_ANALYZER_NUMBER_OBJECT_CONVERSION = YES_AGGRESSIVE;
				CLANG_CXX_LANGUAGE_STANDARD = "gnu++14";
				CLANG_CXX_LIBRARY = "libc++";
				CLANG_ENABLE_MODULES = YES;
				CLANG_ENABLE_OBJC_ARC = YES;
				CLANG_ENABLE_OBJC_WEAK = YES;
				CLANG_WARN_BLOCK_CAPTURE_AUTORELEASING = YES;
				CLANG_WARN_BOOL_CONVERSION = YES;
				CLANG_WARN_COMMA = YES;
				CLANG_WARN_CONSTANT_CONVERSION = YES;
				CLANG_WARN_DEPRECATED_OBJC_IMPLEMENTATIONS = YES;
				CLANG_WARN_DIRECT_OBJC_ISA_USAGE = YES_ERROR;
				CLANG_WARN_DOCUMENTATION_COMMENTS = YES;
				CLANG_WARN_EMPTY_BODY = YES;
				CLANG_WARN_ENUM_CONVERSION = YES;
				CLANG_WARN_INFINITE_RECURSION = YES;
				CLANG_WARN_INT_CONVERSION = YES;
				CLANG_WARN_NON_LITERAL_NULL_CONVERSION = YES;
				CLANG_WARN_OBJC_IMPLICIT_RETAIN_SELF = YES;
				CLANG_WARN_OBJC_LITERAL_CONVERSION = YES;
				CLANG_WARN_OBJC_ROOT_CLASS = YES_ERROR;
				CLANG_WARN_RANGE_LOOP_ANALYSIS = YES;
				CLANG_WARN_STRICT_PROTOTYPES = YES;
				CLANG_WARN_SUSPICIOUS_MOVE = YES;
				CLANG_WARN_UNGUARDED_AVAILABILITY = YES_AGGRESSIVE;
				CLANG_WARN_UNREACHABLE_CODE = YES;
				CLANG_WARN__DUPLICATE_METHOD_MATCH = YES;
				CODE_SIGN_IDENTITY = "iPhone Developer";
				COPY_PHASE_STRIP = NO;
				DEBUG_INFORMATION_FORMAT = dwarf;
				ENABLE_STRICT_OBJC_MSGSEND = YES;
				ENABLE_TESTABILITY = YES;
				GCC_C_LANGUAGE_STANDARD = gnu11;
				GCC_DYNAMIC_NO_PIC = NO;
				GCC_NO_COMMON_BLOCKS = YES;
				GCC_OPTIMIZATION_LEVEL = 0;
				GCC_PREPROCESSOR_DEFINITIONS = (
					"DEBUG=1",
					"$(inherited)",
				);
				GCC_WARN_64_TO_32_BIT_CONVERSION = YES;
				GCC_WARN_ABOUT_RETURN_TYPE = YES_ERROR;
				GCC_WARN_UNDECLARED_SELECTOR = YES;
				GCC_WARN_UNINITIALIZED_AUTOS = YES_AGGRESSIVE;
				GCC_WARN_UNUSED_FUNCTION = YES;
				GCC_WARN_UNUSED_VARIABLE = YES;
				IPHONEOS_DEPLOYMENT_TARGET = 11.4;
				MTL_ENABLE_DEBUG_INFO = YES;
				ONLY_ACTIVE_ARCH = YES;
				SDKROOT = iphoneos;
				SWIFT_ACTIVE_COMPILATION_CONDITIONS = DEBUG;
				SWIFT_OPTIMIZATION_LEVEL = "-Onone";
			};
			name = Debug;
		};
		830F5AAB212D10E600BC87A8 /* Release */ = {
			isa = XCBuildConfiguration;
			buildSettings = {
				ALWAYS_SEARCH_USER_PATHS = NO;
				CLANG_ANALYZER_NONNULL = YES;
				CLANG_ANALYZER_NUMBER_OBJECT_CONVERSION = YES_AGGRESSIVE;
				CLANG_CXX_LANGUAGE_STANDARD = "gnu++14";
				CLANG_CXX_LIBRARY = "libc++";
				CLANG_ENABLE_MODULES = YES;
				CLANG_ENABLE_OBJC_ARC = YES;
				CLANG_ENABLE_OBJC_WEAK = YES;
				CLANG_WARN_BLOCK_CAPTURE_AUTORELEASING = YES;
				CLANG_WARN_BOOL_CONVERSION = YES;
				CLANG_WARN_COMMA = YES;
				CLANG_WARN_CONSTANT_CONVERSION = YES;
				CLANG_WARN_DEPRECATED_OBJC_IMPLEMENTATIONS = YES;
				CLANG_WARN_DIRECT_OBJC_ISA_USAGE = YES_ERROR;
				CLANG_WARN_DOCUMENTATION_COMMENTS = YES;
				CLANG_WARN_EMPTY_BODY = YES;
				CLANG_WARN_ENUM_CONVERSION = YES;
				CLANG_WARN_INFINITE_RECURSION = YES;
				CLANG_WARN_INT_CONVERSION = YES;
				CLANG_WARN_NON_LITERAL_NULL_CONVERSION = YES;
				CLANG_WARN_OBJC_IMPLICIT_RETAIN_SELF = YES;
				CLANG_WARN_OBJC_LITERAL_CONVERSION = YES;
				CLANG_WARN_OBJC_ROOT_CLASS = YES_ERROR;
				CLANG_WARN_RANGE_LOOP_ANALYSIS = YES;
				CLANG_WARN_STRICT_PROTOTYPES = YES;
				CLANG_WARN_SUSPICIOUS_MOVE = YES;
				CLANG_WARN_UNGUARDED_AVAILABILITY = YES_AGGRESSIVE;
				CLANG_WARN_UNREACHABLE_CODE = YES;
				CLANG_WARN__DUPLICATE_METHOD_MATCH = YES;
				CODE_SIGN_IDENTITY = "iPhone Developer";
				COPY_PHASE_STRIP = NO;
				DEBUG_INFORMATION_FORMAT = "dwarf-with-dsym";
				ENABLE_NS_ASSERTIONS = NO;
				ENABLE_STRICT_OBJC_MSGSEND = YES;
				GCC_C_LANGUAGE_STANDARD = gnu11;
				GCC_NO_COMMON_BLOCKS = YES;
				GCC_WARN_64_TO_32_BIT_CONVERSION = YES;
				GCC_WARN_ABOUT_RETURN_TYPE = YES_ERROR;
				GCC_WARN_UNDECLARED_SELECTOR = YES;
				GCC_WARN_UNINITIALIZED_AUTOS = YES_AGGRESSIVE;
				GCC_WARN_UNUSED_FUNCTION = YES;
				GCC_WARN_UNUSED_VARIABLE = YES;
				IPHONEOS_DEPLOYMENT_TARGET = 11.4;
				MTL_ENABLE_DEBUG_INFO = NO;
				SDKROOT = iphoneos;
				SWIFT_COMPILATION_MODE = wholemodule;
				SWIFT_OPTIMIZATION_LEVEL = "-O";
				VALIDATE_PRODUCT = YES;
			};
			name = Release;
		};
		830F5AAD212D10E600BC87A8 /* Debug */ = {
			isa = XCBuildConfiguration;
			buildSettings = {
				ASSETCATALOG_COMPILER_APPICON_NAME = AppIcon;
				CODE_SIGN_STYLE = Automatic;
				DEVELOPMENT_TEAM = 39YB79HE4S;
				INFOPLIST_FILE = "AR - Basketball/Info.plist";
				LD_RUNPATH_SEARCH_PATHS = (
					"$(inherited)",
					"@executable_path/Frameworks",
				);
				PRODUCT_BUNDLE_IDENTIFIER = "com.juanmeza.AR---Basketball";
				PRODUCT_NAME = "$(TARGET_NAME)";
				SWIFT_VERSION = 4.0;
				TARGETED_DEVICE_FAMILY = "1,2";
			};
			name = Debug;
		};
		830F5AAE212D10E600BC87A8 /* Release */ = {
			isa = XCBuildConfiguration;
			buildSettings = {
				ASSETCATALOG_COMPILER_APPICON_NAME = AppIcon;
				CODE_SIGN_STYLE = Automatic;
				DEVELOPMENT_TEAM = 39YB79HE4S;
				INFOPLIST_FILE = "AR - Basketball/Info.plist";
				LD_RUNPATH_SEARCH_PATHS = (
					"$(inherited)",
					"@executable_path/Frameworks",
				);
				PRODUCT_BUNDLE_IDENTIFIER = "com.juanmeza.AR---Basketball";
				PRODUCT_NAME = "$(TARGET_NAME)";
				SWIFT_VERSION = 4.0;
				TARGETED_DEVICE_FAMILY = "1,2";
			};
			name = Release;
		};
/* End XCBuildConfiguration section */

/* Begin XCConfigurationList section */
		830F5A93212D10E400BC87A8 /* Build configuration list for PBXProject "AR - Basketball" */ = {
			isa = XCConfigurationList;
			buildConfigurations = (
				830F5AAA212D10E600BC87A8 /* Debug */,
				830F5AAB212D10E600BC87A8 /* Release */,
			);
			defaultConfigurationIsVisible = 0;
			defaultConfigurationName = Release;
		};
		830F5AAC212D10E600BC87A8 /* Build configuration list for PBXNativeTarget "AR - Basketball" */ = {
			isa = XCConfigurationList;
			buildConfigurations = (
				830F5AAD212D10E600BC87A8 /* Debug */,
				830F5AAE212D10E600BC87A8 /* Release */,
			);
			defaultConfigurationIsVisible = 0;
			defaultConfigurationName = Release;
		};
/* End XCConfigurationList section */
	};
	rootObject = 830F5A90212D10E400BC87A8 /* Project object */;
}
